
Microsoft Visual Studio Solution File, Format Version 12.00
# Visual Studio Version 17
VisualStudioVersion = 17.9.34616.47
MinimumVisualStudioVersion = 10.0.40219.1
Project("{FAE04EC0-301F-11D3-BF4B-00C04F79EFBC}") = "Eq2Grau", "Eq2Grau\Eq2Grau.csproj", "{D6ECC9A3-44BC-435A-A485-C5C672365C82}"
EndProject
Global
	GlobalSection(SolutionConfigurationPlatforms) = preSolution
		Debug|Any CPU = Debug|Any CPU
		Release|Any CPU = Release|Any CPU
	EndGlobalSection
	GlobalSection(ProjectConfigurationPlatforms) = postSolution
		{D6ECC9A3-44BC-435A-A485-C5C672365C82}.Debug|Any CPU.ActiveCfg = Debug|Any CPU
		{D6ECC9A3-44BC-435A-A485-C5C672365C82}.Debug|Any CPU.Build.0 = Debug|Any CPU
		{D6ECC9A3-44BC-435A-A485-C5C672365C82}.Release|Any CPU.ActiveCfg = Release|Any CPU
		{D6ECC9A3-44BC-435A-A485-C5C672365C82}.Release|Any CPU.Build.0 = Release|Any CPU
	EndGlobalSection
	GlobalSection(SolutionProperties) = preSolution
		HideSolutionNode = FALSE
	EndGlobalSection
	GlobalSection(ExtensibilityGlobals) = postSolution
		SolutionGuid = {1A304EA0-0B58-4CBF-A6EC-AA0F2E107EC4}
	EndGlobalSection
EndGlobal
